
Microsoft Visual Studio Solution File, Format Version 12.00
# Visual Studio 2012
Project("{FAE04EC0-301F-11D3-BF4B-00C04F79EFBC}") = "imageservice", "imageservice\imageservice.csproj", "{873328EF-C7D4-4367-8C9B-837B71347DDF}"
EndProject
Global
	GlobalSection(SolutionConfigurationPlatforms) = preSolution
		Debug|Any CPU = Debug|Any CPU
		Release|Any CPU = Release|Any CPU
	EndGlobalSection
	GlobalSection(ProjectConfigurationPlatforms) = postSolution
		{873328EF-C7D4-4367-8C9B-837B71347DDF}.Debug|Any CPU.ActiveCfg = Debug|Any CPU
		{873328EF-C7D4-4367-8C9B-837B71347DDF}.Debug|Any CPU.Build.0 = Debug|Any CPU
		{873328EF-C7D4-4367-8C9B-837B71347DDF}.Release|Any CPU.ActiveCfg = Release|Any CPU
		{873328EF-C7D4-4367-8C9B-837B71347DDF}.Release|Any CPU.Build.0 = Release|Any CPU
	EndGlobalSection
	GlobalSection(SolutionProperties) = preSolution
		HideSolutionNode = FALSE
	EndGlobalSection
EndGlobal
